
Microsoft Visual Studio Solution File, Format Version 12.00
# Visual Studio Version 16
VisualStudioVersion = 16.0.30204.135
MinimumVisualStudioVersion = 10.0.40219.1
Project("{FAE04EC0-301F-11D3-BF4B-00C04F79EFBC}") = "com.gdoujkzz.linearlist", "com.gdoujkzz.linearlist\com.gdoujkzz.linearlist.csproj", "{45E528F4-02C3-4FAB-BF27-8067F41A94F1}"
EndProject
Project("{FAE04EC0-301F-11D3-BF4B-00C04F79EFBC}") = "com.gdoujkzz.sort", "com.gdoujkzz.sort\com.gdoujkzz.sort.csproj", "{B8D824E6-3ACE-44FB-A2D3-504B488A01D5}"
EndProject
Global
	GlobalSection(SolutionConfigurationPlatforms) = preSolution
		Debug|Any CPU = Debug|Any CPU
		Release|Any CPU = Release|Any CPU
	EndGlobalSection
	GlobalSection(ProjectConfigurationPlatforms) = postSolution
		{45E528F4-02C3-4FAB-BF27-8067F41A94F1}.Debug|Any CPU.ActiveCfg = Debug|Any CPU
		{45E528F4-02C3-4FAB-BF27-8067F41A94F1}.Debug|Any CPU.Build.0 = Debug|Any CPU
		{45E528F4-02C3-4FAB-BF27-8067F41A94F1}.Release|Any CPU.ActiveCfg = Release|Any CPU
		{45E528F4-02C3-4FAB-BF27-8067F41A94F1}.Release|Any CPU.Build.0 = Release|Any CPU
		{B8D824E6-3ACE-44FB-A2D3-504B488A01D5}.Debug|Any CPU.ActiveCfg = Debug|Any CPU
		{B8D824E6-3ACE-44FB-A2D3-504B488A01D5}.Debug|Any CPU.Build.0 = Debug|Any CPU
		{B8D824E6-3ACE-44FB-A2D3-504B488A01D5}.Release|Any CPU.ActiveCfg = Release|Any CPU
		{B8D824E6-3ACE-44FB-A2D3-504B488A01D5}.Release|Any CPU.Build.0 = Release|Any CPU
	EndGlobalSection
	GlobalSection(SolutionProperties) = preSolution
		HideSolutionNode = FALSE
	EndGlobalSection
	GlobalSection(ExtensibilityGlobals) = postSolution
		SolutionGuid = {EE1878E1-D2A1-46B2-97EB-9D29A6D62EC9}
	EndGlobalSection
EndGlobal
